
Microsoft Visual Studio Solution File, Format Version 12.00
# Visual Studio Version 16
VisualStudioVersion = 16.0.31515.178
MinimumVisualStudioVersion = 10.0.40219.1
Project("{2150E333-8FDC-42A3-9474-1A3956D46DE8}") = "Core", "Core", "{BB00C213-5F8A-4D78-9F94-28DC803DEEAB}"
EndProject
Project("{2150E333-8FDC-42A3-9474-1A3956D46DE8}") = "Services", "Services", "{8A66BDD8-AAEC-42E1-9062-460C4CDE4371}"
EndProject
Project("{9A19103F-16F7-4668-BE54-9A1E7A4F7556}") = "HRMS.UI", "HRMS.UI\HRMS.UI.csproj", "{481FD2C8-A83B-49D1-BD1B-D5404BB3513F}"
EndProject
Project("{9A19103F-16F7-4668-BE54-9A1E7A4F7556}") = "HRMS.Core.Entities", "HRMS.Core.Entities\HRMS.Core.Entities.csproj", "{0F6798EA-6C4E-4BB8-B24B-4E14F868C479}"
EndProject
Project("{9A19103F-16F7-4668-BE54-9A1E7A4F7556}") = "HRMS.Core.Helpers", "HRMS.Core.Helpers\HRMS.Core.Helpers.csproj", "{905A9F70-848E-48B2-811E-0671DAA28F2D}"
EndProject
Project("{9A19103F-16F7-4668-BE54-9A1E7A4F7556}") = "HRMS.Core.ReqRespVm", "HRMS.Core.ReqRespVm\HRMS.Core.ReqRespVm.csproj", "{85BCCBDD-F67E-4FBF-9CD0-6E79611C9131}"
EndProject
Project("{9A19103F-16F7-4668-BE54-9A1E7A4F7556}") = "HRMS.Services.Implementation", "HRMS.Services.Implementation\HRMS.Services.Implementation.csproj", "{00FD224D-FD99-4182-BA74-0C9FA42AECEA}"
EndProject
Project("{9A19103F-16F7-4668-BE54-9A1E7A4F7556}") = "HRMS.Services.Repository", "HRMS.Services.Repository\HRMS.Services.Repository.csproj", "{37EA16AA-F5EE-4EFA-8641-6E32D1557170}"
EndProject
Project("{9A19103F-16F7-4668-BE54-9A1E7A4F7556}") = "HRMS.API", "HRMS.API\HRMS.API.csproj", "{E823B5BC-9084-4A33-B5E7-9AE0891E7C61}"
EndProject
Project("{9A19103F-16F7-4668-BE54-9A1E7A4F7556}") = "HRMS.Admin.UI", "HRMS.Admin.UI\HRMS.Admin.UI.csproj", "{ECE555A0-9A3D-4B4E-912A-0AF3D94CB2F0}"
EndProject
Project("{2150E333-8FDC-42A3-9474-1A3956D46DE8}") = "Solution Items", "Solution Items", "{A7925589-632D-4F70-A07C-8AA2725AEA35}"
	ProjectSection(SolutionItems) = preProject
		.editorconfig = .editorconfig
	EndProjectSection
EndProject
Global
	GlobalSection(SolutionConfigurationPlatforms) = preSolution
		Debug|Any CPU = Debug|Any CPU
		Release|Any CPU = Release|Any CPU
	EndGlobalSection
	GlobalSection(ProjectConfigurationPlatforms) = postSolution
		{481FD2C8-A83B-49D1-BD1B-D5404BB3513F}.Debug|Any CPU.ActiveCfg = Debug|Any CPU
		{481FD2C8-A83B-49D1-BD1B-D5404BB3513F}.Debug|Any CPU.Build.0 = Debug|Any CPU
		{481FD2C8-A83B-49D1-BD1B-D5404BB3513F}.Release|Any CPU.ActiveCfg = Release|Any CPU
		{481FD2C8-A83B-49D1-BD1B-D5404BB3513F}.Release|Any CPU.Build.0 = Release|Any CPU
		{0F6798EA-6C4E-4BB8-B24B-4E14F868C479}.Debug|Any CPU.ActiveCfg = Debug|Any CPU
		{0F6798EA-6C4E-4BB8-B24B-4E14F868C479}.Debug|Any CPU.Build.0 = Debug|Any CPU
		{0F6798EA-6C4E-4BB8-B24B-4E14F868C479}.Release|Any CPU.ActiveCfg = Release|Any CPU
		{0F6798EA-6C4E-4BB8-B24B-4E14F868C479}.Release|Any CPU.Build.0 = Release|Any CPU
		{905A9F70-848E-48B2-811E-0671DAA28F2D}.Debug|Any CPU.ActiveCfg = Debug|Any CPU
		{905A9F70-848E-48B2-811E-0671DAA28F2D}.Debug|Any CPU.Build.0 = Debug|Any CPU
		{905A9F70-848E-48B2-811E-0671DAA28F2D}.Release|Any CPU.ActiveCfg = Release|Any CPU
		{905A9F70-848E-48B2-811E-0671DAA28F2D}.Release|Any CPU.Build.0 = Release|Any CPU
		{85BCCBDD-F67E-4FBF-9CD0-6E79611C9131}.Debug|Any CPU.ActiveCfg = Debug|Any CPU
		{85BCCBDD-F67E-4FBF-9CD0-6E79611C9131}.Debug|Any CPU.Build.0 = Debug|Any CPU
		{85BCCBDD-F67E-4FBF-9CD0-6E79611C9131}.Release|Any CPU.ActiveCfg = Release|Any CPU
		{85BCCBDD-F67E-4FBF-9CD0-6E79611C9131}.Release|Any CPU.Build.0 = Release|Any CPU
		{00FD224D-FD99-4182-BA74-0C9FA42AECEA}.Debug|Any CPU.ActiveCfg = Debug|Any CPU
		{00FD224D-FD99-4182-BA74-0C9FA42AECEA}.Debug|Any CPU.Build.0 = Debug|Any CPU
		{00FD224D-FD99-4182-BA74-0C9FA42AECEA}.Release|Any CPU.ActiveCfg = Release|Any CPU
		{00FD224D-FD99-4182-BA74-0C9FA42AECEA}.Release|Any CPU.Build.0 = Release|Any CPU
		{37EA16AA-F5EE-4EFA-8641-6E32D1557170}.Debug|Any CPU.ActiveCfg = Debug|Any CPU
		{37EA16AA-F5EE-4EFA-8641-6E32D1557170}.Debug|Any CPU.Build.0 = Debug|Any CPU
		{37EA16AA-F5EE-4EFA-8641-6E32D1557170}.Release|Any CPU.ActiveCfg = Release|Any CPU
		{37EA16AA-F5EE-4EFA-8641-6E32D1557170}.Release|Any CPU.Build.0 = Release|Any CPU
		{E823B5BC-9084-4A33-B5E7-9AE0891E7C61}.Debug|Any CPU.ActiveCfg = Debug|Any CPU
		{E823B5BC-9084-4A33-B5E7-9AE0891E7C61}.Debug|Any CPU.Build.0 = Debug|Any CPU
		{E823B5BC-9084-4A33-B5E7-9AE0891E7C61}.Release|Any CPU.ActiveCfg = Release|Any CPU
		{E823B5BC-9084-4A33-B5E7-9AE0891E7C61}.Release|Any CPU.Build.0 = Release|Any CPU
		{ECE555A0-9A3D-4B4E-912A-0AF3D94CB2F0}.Debug|Any CPU.ActiveCfg = Debug|Any CPU
		{ECE555A0-9A3D-4B4E-912A-0AF3D94CB2F0}.Debug|Any CPU.Build.0 = Debug|Any CPU
		{ECE555A0-9A3D-4B4E-912A-0AF3D94CB2F0}.Release|Any CPU.ActiveCfg = Release|Any CPU
		{ECE555A0-9A3D-4B4E-912A-0AF3D94CB2F0}.Release|Any CPU.Build.0 = Release|Any CPU
	EndGlobalSection
	GlobalSection(SolutionProperties) = preSolution
		HideSolutionNode = FALSE
	EndGlobalSection
	GlobalSection(NestedProjects) = preSolution
		{0F6798EA-6C4E-4BB8-B24B-4E14F868C479} = {BB00C213-5F8A-4D78-9F94-28DC803DEEAB}
		{905A9F70-848E-48B2-811E-0671DAA28F2D} = {BB00C213-5F8A-4D78-9F94-28DC803DEEAB}
		{85BCCBDD-F67E-4FBF-9CD0-6E79611C9131} = {BB00C213-5F8A-4D78-9F94-28DC803DEEAB}
		{00FD224D-FD99-4182-BA74-0C9FA42AECEA} = {8A66BDD8-AAEC-42E1-9062-460C4CDE4371}
		{37EA16AA-F5EE-4EFA-8641-6E32D1557170} = {8A66BDD8-AAEC-42E1-9062-460C4CDE4371}
	EndGlobalSection
	GlobalSection(ExtensibilityGlobals) = postSolution
		SolutionGuid = {E60CF1A1-0DEF-4EB2-83D9-7B6994640F4D}
	EndGlobalSection
EndGlobal
